
Microsoft Visual Studio Solution File, Format Version 12.00
# Visual Studio Version 16
VisualStudioVersion = 16.0.29025.244
MinimumVisualStudioVersion = 10.0.40219.1
Project("{FAE04EC0-301F-11D3-BF4B-00C04F79EFBC}") = "Greeter", "Greeter\Greeter.csproj", "{684882F6-D2FF-4620-A992-3F90E5ABEDBB}"
EndProject
Project("{FAE04EC0-301F-11D3-BF4B-00C04F79EFBC}") = "Greeter.Tests", "Greeter.Tests\Greeter.Tests.csproj", "{90B7A3EF-F5CF-4364-A55C-DA46BC69054B}"
EndProject
Project("{2150E333-8FDC-42A3-9474-1A3956D46DE8}") = "Solution Items", "Solution Items", "{19C2B17C-CF16-4A25-8DA6-4C35E8ACC633}"
	ProjectSection(SolutionItems) = preProject
		README.md = README.md
	EndProjectSection
EndProject
Global
	GlobalSection(SolutionConfigurationPlatforms) = preSolution
		Debug|Any CPU = Debug|Any CPU
		Release|Any CPU = Release|Any CPU
	EndGlobalSection
	GlobalSection(ProjectConfigurationPlatforms) = postSolution
		{684882F6-D2FF-4620-A992-3F90E5ABEDBB}.Debug|Any CPU.ActiveCfg = Debug|Any CPU
		{684882F6-D2FF-4620-A992-3F90E5ABEDBB}.Debug|Any CPU.Build.0 = Debug|Any CPU
		{684882F6-D2FF-4620-A992-3F90E5ABEDBB}.Release|Any CPU.ActiveCfg = Release|Any CPU
		{684882F6-D2FF-4620-A992-3F90E5ABEDBB}.Release|Any CPU.Build.0 = Release|Any CPU
		{90B7A3EF-F5CF-4364-A55C-DA46BC69054B}.Debug|Any CPU.ActiveCfg = Debug|Any CPU
		{90B7A3EF-F5CF-4364-A55C-DA46BC69054B}.Debug|Any CPU.Build.0 = Debug|Any CPU
		{90B7A3EF-F5CF-4364-A55C-DA46BC69054B}.Release|Any CPU.ActiveCfg = Release|Any CPU
		{90B7A3EF-F5CF-4364-A55C-DA46BC69054B}.Release|Any CPU.Build.0 = Release|Any CPU
	EndGlobalSection
	GlobalSection(SolutionProperties) = preSolution
		HideSolutionNode = FALSE
	EndGlobalSection
	GlobalSection(ExtensibilityGlobals) = postSolution
		SolutionGuid = {34BE2C6B-4AF0-41F2-A6C0-AE12F0BAB330}
	EndGlobalSection
EndGlobal
